// !$*UTF8*$!
{
	archiveVersion = 1;
	classes = {
	};
	objectVersion = 55;
	objects = {

/* Begin PBXBuildFile section */
		8C435B81283296CB00BC846C /* AppDelegate.swift in Sources */ = {isa = PBXBuildFile; fileRef = 8C435B80283296CB00BC846C /* AppDelegate.swift */; };
		8C435B83283296CB00BC846C /* SceneDelegate.swift in Sources */ = {isa = PBXBuildFile; fileRef = 8C435B82283296CB00BC846C /* SceneDelegate.swift */; };
		8C435B85283296CB00BC846C /* ViewController.swift in Sources */ = {isa = PBXBuildFile; fileRef = 8C435B84283296CB00BC846C /* ViewController.swift */; };
		8C435B88283296CB00BC846C /* Main.storyboard in Resources */ = {isa = PBXBuildFile; fileRef = 8C435B86283296CB00BC846C /* Main.storyboard */; };
		8C435B8A283296D500BC846C /* Assets.xcassets in Resources */ = {isa = PBXBuildFile; fileRef = 8C435B89283296D500BC846C /* Assets.xcassets */; };
		8C435B8D283296D500BC846C /* LaunchScreen.storyboard in Resources */ = {isa = PBXBuildFile; fileRef = 8C435B8B283296D500BC846C /* LaunchScreen.storyboard */; };
		99B133AD5322D37BB3DFC0F9 /* libPods-Class22-ios-8.a in Frameworks */ = {isa = PBXBuildFile; fileRef = 61171CE59414F0E41F686894 /* libPods-Class22-ios-8.a */; };
/* End PBXBuildFile section */

/* Begin PBXFileReference section */
		61171CE59414F0E41F686894 /* libPods-Class22-ios-8.a */ = {isa = PBXFileReference; explicitFileType = archive.ar; includeInIndex = 0; path = "libPods-Class22-ios-8.a"; sourceTree = BUILT_PRODUCTS_DIR; };
		8C435B7D283296CB00BC846C /* Class22-ios-8.app */ = {isa = PBXFileReference; explicitFileType = wrapper.application; includeInIndex = 0; path = "Class22-ios-8.app"; sourceTree = BUILT_PRODUCTS_DIR; };
		8C435B80283296CB00BC846C /* AppDelegate.swift */ = {isa = PBXFileReference; lastKnownFileType = sourcecode.swift; path = AppDelegate.swift; sourceTree = "<group>"; };
		8C435B82283296CB00BC846C /* SceneDelegate.swift */ = {isa = PBXFileReference; lastKnownFileType = sourcecode.swift; path = SceneDelegate.swift; sourceTree = "<group>"; };
		8C435B84283296CB00BC846C /* ViewController.swift */ = {isa = PBXFileReference; lastKnownFileType = sourcecode.swift; path = ViewController.swift; sourceTree = "<group>"; };
		8C435B87283296CB00BC846C /* Base */ = {isa = PBXFileReference; lastKnownFileType = file.storyboard; name = Base; path = Base.lproj/Main.storyboard; sourceTree = "<group>"; };
		8C435B89283296D500BC846C /* Assets.xcassets */ = {isa = PBXFileReference; lastKnownFileType = folder.assetcatalog; path = Assets.xcassets; sourceTree = "<group>"; };
		8C435B8C283296D500BC846C /* Base */ = {isa = PBXFileReference; lastKnownFileType = file.storyboard; name = Base; path = Base.lproj/LaunchScreen.storyboard; sourceTree = "<group>"; };
		8C435B8E283296D500BC846C /* Info.plist */ = {isa = PBXFileReference; lastKnownFileType = text.plist.xml; path = Info.plist; sourceTree = "<group>"; };
		DCF8EDE94218A79E83A78CEE /* Pods-Class22-ios-8.release.xcconfig */ = {isa = PBXFileReference; includeInIndex = 1; lastKnownFileType = text.xcconfig; name = "Pods-Class22-ios-8.release.xcconfig"; path = "Target Support Files/Pods-Class22-ios-8/Pods-Class22-ios-8.release.xcconfig"; sourceTree = "<group>"; };
		E8A979D32BB63799D358ED70 /* Pods-Class22-ios-8.debug.xcconfig */ = {isa = PBXFileReference; includeInIndex = 1; lastKnownFileType = text.xcconfig; name = "Pods-Class22-ios-8.debug.xcconfig"; path = "Target Support Files/Pods-Class22-ios-8/Pods-Class22-ios-8.debug.xcconfig"; sourceTree = "<group>"; };
/* End PBXFileReference section */

/* Begin PBXFrameworksBuildPhase section */
		8C435B7A283296CB00BC846C /* Frameworks */ = {
			isa = PBXFrameworksBuildPhase;
			buildActionMask = 2147483647;
			files = (
				99B133AD5322D37BB3DFC0F9 /* libPods-Class22-ios-8.a in Frameworks */,
			);
			runOnlyForDeploymentPostprocessing = 0;
		};
/* End PBXFrameworksBuildPhase section */

/* Begin PBXGroup section */
		33DE5FDCC2006C927FA5FA4B /* Pods */ = {
			isa = PBXGroup;
			children = (
				E8A979D32BB63799D358ED70 /* Pods-Class22-ios-8.debug.xcconfig */,
				DCF8EDE94218A79E83A78CEE /* Pods-Class22-ios-8.release.xcconfig */,
			);
			name = Pods;
			path = Pods;
			sourceTree = "<group>";
		};
		8C435B74283296CB00BC846C = {
			isa = PBXGroup;
			children = (
				8C435B7F283296CB00BC846C /* Class22-ios-8 */,
				8C435B7E283296CB00BC846C /* Products */,
				33DE5FDCC2006C927FA5FA4B /* Pods */,
				A42138F1FC3B853D4482C2EA /* Frameworks */,
			);
			sourceTree = "<group>";
		};
		8C435B7E283296CB00BC846C /* Products */ = {
			isa = PBXGroup;
			children = (
				8C435B7D283296CB00BC846C /* Class22-ios-8.app */,
			);
			name = Products;
			sourceTree = "<group>";
		};
		8C435B7F283296CB00BC846C /* Class22-ios-8 */ = {
			isa = PBXGroup;
			children = (
				8C435B80283296CB00BC846C /* AppDelegate.swift */,
				8C435B82283296CB00BC846C /* SceneDelegate.swift */,
				8C435B84283296CB00BC846C /* ViewController.swift */,
				8C435B86283296CB00BC846C /* Main.storyboard */,
				8C435B89283296D500BC846C /* Assets.xcassets */,
				8C435B8B283296D500BC846C /* LaunchScreen.storyboard */,
				8C435B8E283296D500BC846C /* Info.plist */,
			);
			path = "Class22-ios-8";
			sourceTree = "<group>";
		};
		A42138F1FC3B853D4482C2EA /* Frameworks */ = {
			isa = PBXGroup;
			children = (
				61171CE59414F0E41F686894 /* libPods-Class22-ios-8.a */,
			);
			name = Frameworks;
			sourceTree = "<group>";
		};
/* End PBXGroup section */

/* Begin PBXNativeTarget section */
		8C435B7C283296CB00BC846C /* Class22-ios-8 */ = {
			isa = PBXNativeTarget;
			buildConfigurationList = 8C435B91283296D500BC846C /* Build configuration list for PBXNativeTarget "Class22-ios-8" */;
			buildPhases = (
				6CBB9F68C32C21063E04F3AA /* [CP] Check Pods Manifest.lock */,
				8C435B79283296CB00BC846C /* Sources */,
				8C435B7A283296CB00BC846C /* Frameworks */,
				8C435B7B283296CB00BC846C /* Resources */,
			);
			buildRules = (
			);
			dependencies = (
			);
			name = "Class22-ios-8";
			productName = "Class22-ios-8";
			productReference = 8C435B7D283296CB00BC846C /* Class22-ios-8.app */;
			productType = "com.apple.product-type.application";
		};
/* End PBXNativeTarget section */

/* Begin PBXProject section */
		8C435B75283296CB00BC846C /* Project object */ = {
			isa = PBXProject;
			attributes = {
				BuildIndependentTargetsInParallel = 1;
				LastSwiftUpdateCheck = 1330;
				LastUpgradeCheck = 1330;
				TargetAttributes = {
					8C435B7C283296CB00BC846C = {
						CreatedOnToolsVersion = 13.3;
					};
				};
			};
			buildConfigurationList = 8C435B78283296CB00BC846C /* Build configuration list for PBXProject "Class22-ios-8" */;
			compatibilityVersion = "Xcode 13.0";
			developmentRegion = en;
			hasScannedForEncodings = 0;
			knownRegions = (
				en,
				Base,
			);
			mainGroup = 8C435B74283296CB00BC846C;
			productRefGroup = 8C435B7E283296CB00BC846C /* Products */;
			projectDirPath = "";
			projectRoot = "";
			targets = (
				8C435B7C283296CB00BC846C /* Class22-ios-8 */,
			);
		};
/* End PBXProject section */

/* Begin PBXResourcesBuildPhase section */
		8C435B7B283296CB00BC846C /* Resources */ = {
			isa = PBXResourcesBuildPhase;
			buildActionMask = 2147483647;
			files = (
				8C435B8D283296D500BC846C /* LaunchScreen.storyboard in Resources */,
				8C435B8A283296D500BC846C /* Assets.xcassets in Resources */,
				8C435B88283296CB00BC846C /* Main.storyboard in Resources */,
			);
			runOnlyForDeploymentPostprocessing = 0;
		};
/* End PBXResourcesBuildPhase section */

/* Begin PBXShellScriptBuildPhase section */
		6CBB9F68C32C21063E04F3AA /* [CP] Check Pods Manifest.lock */ = {
			isa = PBXShellScriptBuildPhase;
			buildActionMask = 2147483647;
			files = (
			);
			inputFileListPaths = (
			);
			inputPaths = (
				"${PODS_PODFILE_DIR_PATH}/Podfile.lock",
				"${PODS_ROOT}/Manifest.lock",
			);
			name = "[CP] Check Pods Manifest.lock";
			outputFileListPaths = (
			);
			outputPaths = (
				"$(DERIVED_FILE_DIR)/Pods-Class22-ios-8-checkManifestLockResult.txt",
			);
			runOnlyForDeploymentPostprocessing = 0;
			shellPath = /bin/sh;
			shellScript = "diff \"${PODS_PODFILE_DIR_PATH}/Podfile.lock\" \"${PODS_ROOT}/Manifest.lock\" > /dev/null\nif [ $? != 0 ] ; then\n    # print error to STDERR\n    echo \"error: The sandbox is not in sync with the Podfile.lock. Run 'pod install' or update your CocoaPods installation.\" >&2\n    exit 1\nfi\n# This output is used by Xcode 'outputs' to avoid re-running this script phase.\necho \"SUCCESS\" > \"${SCRIPT_OUTPUT_FILE_0}\"\n";
			showEnvVarsInLog = 0;
		};
/* End PBXShellScriptBuildPhase section */

/* Begin PBXSourcesBuildPhase section */
		8C435B79283296CB00BC846C /* Sources */ = {
			isa = PBXSourcesBuildPhase;
			buildActionMask = 2147483647;
			files = (
				8C435B85283296CB00BC846C /* ViewController.swift in Sources */,
				8C435B81283296CB00BC846C /* AppDelegate.swift in Sources */,
				8C435B83283296CB00BC846C /* SceneDelegate.swift in Sources */,
			);
			runOnlyForDeploymentPostprocessing = 0;
		};
/* End PBXSourcesBuildPhase section */

/* Begin PBXVariantGroup section */
		8C435B86283296CB00BC846C /* Main.storyboard */ = {
			isa = PBXVariantGroup;
			children = (
				8C435B87283296CB00BC846C /* Base */,
			);
			name = Main.storyboard;
			sourceTree = "<group>";
		};
		8C435B8B283296D500BC846C /* LaunchScreen.storyboard */ = {
			isa = PBXVariantGroup;
			children = (
				8C435B8C283296D500BC846C /* Base */,
			);
			name = LaunchScreen.storyboard;
			sourceTree = "<group>";
		};
/* End PBXVariantGroup section */

/* Begin XCBuildConfiguration section */
		8C435B8F283296D500BC846C /* Debug */ = {
			isa = XCBuildConfiguration;
			buildSettings = {
				ALWAYS_SEARCH_USER_PATHS = NO;
				CLANG_ANALYZER_NONNULL = YES;
				CLANG_ANALYZER_NUMBER_OBJECT_CONVERSION = YES_AGGRESSIVE;
				CLANG_CXX_LANGUAGE_STANDARD = "gnu++17";
				CLANG_ENABLE_MODULES = YES;
				CLANG_ENABLE_OBJC_ARC = YES;
				CLANG_ENABLE_OBJC_WEAK = YES;
				CLANG_WARN_BLOCK_CAPTURE_AUTORELEASING = YES;
				CLANG_WARN_BOOL_CONVERSION = YES;
				CLANG_WARN_COMMA = YES;
				CLANG_WARN_CONSTANT_CONVERSION = YES;
				CLANG_WARN_DEPRECATED_OBJC_IMPLEMENTATIONS = YES;
				CLANG_WARN_DIRECT_OBJC_ISA_USAGE = YES_ERROR;
				CLANG_WARN_DOCUMENTATION_COMMENTS = YES;
				CLANG_WARN_EMPTY_BODY = YES;
				CLANG_WARN_ENUM_CONVERSION = YES;
				CLANG_WARN_INFINITE_RECURSION = YES;
				CLANG_WARN_INT_CONVERSION = YES;
				CLANG_WARN_NON_LITERAL_NULL_CONVERSION = YES;
				CLANG_WARN_OBJC_IMPLICIT_RETAIN_SELF = YES;
				CLANG_WARN_OBJC_LITERAL_CONVERSION = YES;
				CLANG_WARN_OBJC_ROOT_CLASS = YES_ERROR;
				CLANG_WARN_QUOTED_INCLUDE_IN_FRAMEWORK_HEADER = YES;
				CLANG_WARN_RANGE_LOOP_ANALYSIS = YES;
				CLANG_WARN_STRICT_PROTOTYPES = YES;
				CLANG_WARN_SUSPICIOUS_MOVE = YES;
				CLANG_WARN_UNGUARDED_AVAILABILITY = YES_AGGRESSIVE;
				CLANG_WARN_UNREACHABLE_CODE = YES;
				CLANG_WARN__DUPLICATE_METHOD_MATCH = YES;
				COPY_PHASE_STRIP = NO;
				DEBUG_INFORMATION_FORMAT = dwarf;
				ENABLE_STRICT_OBJC_MSGSEND = YES;
				ENABLE_TESTABILITY = YES;
				GCC_C_LANGUAGE_STANDARD = gnu11;
				GCC_DYNAMIC_NO_PIC = NO;
				GCC_NO_COMMON_BLOCKS = YES;
				GCC_OPTIMIZATION_LEVEL = 0;
				GCC_PREPROCESSOR_DEFINITIONS = (
					"DEBUG=1",
					"$(inherited)",
				);
				GCC_WARN_64_TO_32_BIT_CONVERSION = YES;
				GCC_WARN_ABOUT_RETURN_TYPE = YES_ERROR;
				GCC_WARN_UNDECLARED_SELECTOR = YES;
				GCC_WARN_UNINITIALIZED_AUTOS = YES_AGGRESSIVE;
				GCC_WARN_UNUSED_FUNCTION = YES;
				GCC_WARN_UNUSED_VARIABLE = YES;
				IPHONEOS_DEPLOYMENT_TARGET = 15.4;
				MTL_ENABLE_DEBUG_INFO = INCLUDE_SOURCE;
				MTL_FAST_MATH = YES;
				ONLY_ACTIVE_ARCH = YES;
				SDKROOT = iphoneos;
				SWIFT_ACTIVE_COMPILATION_CONDITIONS = DEBUG;
				SWIFT_OPTIMIZATION_LEVEL = "-Onone";
			};
			name = Debug;
		};
		8C435B90283296D500BC846C /* Release */ = {
			isa = XCBuildConfiguration;
			buildSettings = {
				ALWAYS_SEARCH_USER_PATHS = NO;
				CLANG_ANALYZER_NONNULL = YES;
				CLANG_ANALYZER_NUMBER_OBJECT_CONVERSION = YES_AGGRESSIVE;
				CLANG_CXX_LANGUAGE_STANDARD = "gnu++17";
				CLANG_ENABLE_MODULES = YES;
				CLANG_ENABLE_OBJC_ARC = YES;
				CLANG_ENABLE_OBJC_WEAK = YES;
				CLANG_WARN_BLOCK_CAPTURE_AUTORELEASING = YES;
				CLANG_WARN_BOOL_CONVERSION = YES;
				CLANG_WARN_COMMA = YES;
				CLANG_WARN_CONSTANT_CONVERSION = YES;
				CLANG_WARN_DEPRECATED_OBJC_IMPLEMENTATIONS = YES;
				CLANG_WARN_DIRECT_OBJC_ISA_USAGE = YES_ERROR;
				CLANG_WARN_DOCUMENTATION_COMMENTS = YES;
				CLANG_WARN_EMPTY_BODY = YES;
				CLANG_WARN_ENUM_CONVERSION = YES;
				CLANG_WARN_INFINITE_RECURSION = YES;
				CLANG_WARN_INT_CONVERSION = YES;
				CLANG_WARN_NON_LITERAL_NULL_CONVERSION = YES;
				CLANG_WARN_OBJC_IMPLICIT_RETAIN_SELF = YES;
				CLANG_WARN_OBJC_LITERAL_CONVERSION = YES;
				CLANG_WARN_OBJC_ROOT_CLASS = YES_ERROR;
				CLANG_WARN_QUOTED_INCLUDE_IN_FRAMEWORK_HEADER = YES;
				CLANG_WARN_RANGE_LOOP_ANALYSIS = YES;
				CLANG_WARN_STRICT_PROTOTYPES = YES;
				CLANG_WARN_SUSPICIOUS_MOVE = YES;
				CLANG_WARN_UNGUARDED_AVAILABILITY = YES_AGGRESSIVE;
				CLANG_WARN_UNREACHABLE_CODE = YES;
				CLANG_WARN__DUPLICATE_METHOD_MATCH = YES;
				COPY_PHASE_STRIP = NO;
				DEBUG_INFORMATION_FORMAT = "dwarf-with-dsym";
				ENABLE_NS_ASSERTIONS = NO;
				ENABLE_STRICT_OBJC_MSGSEND = YES;
				GCC_C_LANGUAGE_STANDARD = gnu11;
				GCC_NO_COMMON_BLOCKS = YES;
				GCC_WARN_64_TO_32_BIT_CONVERSION = YES;
				GCC_WARN_ABOUT_RETURN_TYPE = YES_ERROR;
				GCC_WARN_UNDECLARED_SELECTOR = YES;
				GCC_WARN_UNINITIALIZED_AUTOS = YES_AGGRESSIVE;
				GCC_WARN_UNUSED_FUNCTION = YES;
				GCC_WARN_UNUSED_VARIABLE = YES;
				IPHONEOS_DEPLOYMENT_TARGET = 15.4;
				MTL_ENABLE_DEBUG_INFO = NO;
				MTL_FAST_MATH = YES;
				SDKROOT = iphoneos;
				SWIFT_COMPILATION_MODE = wholemodule;
				SWIFT_OPTIMIZATION_LEVEL = "-O";
				VALIDATE_PRODUCT = YES;
			};
			name = Release;
		};
		8C435B92283296D500BC846C /* Debug */ = {
			isa = XCBuildConfiguration;
			baseConfigurationReference = E8A979D32BB63799D358ED70 /* Pods-Class22-ios-8.debug.xcconfig */;
			buildSettings = {
				ASSETCATALOG_COMPILER_APPICON_NAME = AppIcon;
				ASSETCATALOG_COMPILER_GLOBAL_ACCENT_COLOR_NAME = AccentColor;
				CODE_SIGN_STYLE = Automatic;
				CURRENT_PROJECT_VERSION = 1;
				GENERATE_INFOPLIST_FILE = YES;
				INFOPLIST_FILE = "Class22-ios-8/Info.plist";
				INFOPLIST_KEY_UIApplicationSupportsIndirectInputEvents = YES;
				INFOPLIST_KEY_UILaunchStoryboardName = LaunchScreen;
				INFOPLIST_KEY_UIMainStoryboardFile = Main;
				INFOPLIST_KEY_UISupportedInterfaceOrientations_iPad = "UIInterfaceOrientationPortrait UIInterfaceOrientationPortraitUpsideDown UIInterfaceOrientationLandscapeLeft UIInterfaceOrientationLandscapeRight";
				INFOPLIST_KEY_UISupportedInterfaceOrientations_iPhone = "UIInterfaceOrientationPortrait UIInterfaceOrientationLandscapeLeft UIInterfaceOrientationLandscapeRight";
				LD_RUNPATH_SEARCH_PATHS = (
					"$(inherited)",
					"@executable_path/Frameworks",
				);
				MARKETING_VERSION = 1.0;
				PRODUCT_BUNDLE_IDENTIFIER = "com.guy.class4.Class22-ios-8";
				PRODUCT_NAME = "$(TARGET_NAME)";
				SWIFT_EMIT_LOC_STRINGS = YES;
				SWIFT_VERSION = 5.0;
				TARGETED_DEVICE_FAMILY = 1;
			};
			name = Debug;
		};
		8C435B93283296D500BC846C /* Release */ = {
			isa = XCBuildConfiguration;
			baseConfigurationReference = DCF8EDE94218A79E83A78CEE /* Pods-Class22-ios-8.release.xcconfig */;
			buildSettings = {
				ASSETCATALOG_COMPILER_APPICON_NAME = AppIcon;
				ASSETCATALOG_COMPILER_GLOBAL_ACCENT_COLOR_NAME = AccentColor;
				CODE_SIGN_STYLE = Automatic;
				CURRENT_PROJECT_VERSION = 1;
				GENERATE_INFOPLIST_FILE = YES;
				INFOPLIST_FILE = "Class22-ios-8/Info.plist";
				INFOPLIST_KEY_UIApplicationSupportsIndirectInputEvents = YES;
				INFOPLIST_KEY_UILaunchStoryboardName = LaunchScreen;
				INFOPLIST_KEY_UIMainStoryboardFile = Main;
				INFOPLIST_KEY_UISupportedInterfaceOrientations_iPad = "UIInterfaceOrientationPortrait UIInterfaceOrientationPortraitUpsideDown UIInterfaceOrientationLandscapeLeft UIInterfaceOrientationLandscapeRight";
				INFOPLIST_KEY_UISupportedInterfaceOrientations_iPhone = "UIInterfaceOrientationPortrait UIInterfaceOrientationLandscapeLeft UIInterfaceOrientationLandscapeRight";
				LD_RUNPATH_SEARCH_PATHS = (
					"$(inherited)",
					"@executable_path/Frameworks",
				);
				MARKETING_VERSION = 1.0;
				PRODUCT_BUNDLE_IDENTIFIER = "com.guy.class4.Class22-ios-8";
				PRODUCT_NAME = "$(TARGET_NAME)";
				SWIFT_EMIT_LOC_STRINGS = YES;
				SWIFT_VERSION = 5.0;
				TARGETED_DEVICE_FAMILY = 1;
			};
			name = Release;
		};
/* End XCBuildConfiguration section */

/* Begin XCConfigurationList section */
		8C435B78283296CB00BC846C /* Build configuration list for PBXProject "Class22-ios-8" */ = {
			isa = XCConfigurationList;
			buildConfigurations = (
				8C435B8F283296D500BC846C /* Debug */,
				8C435B90283296D500BC846C /* Release */,
			);
			defaultConfigurationIsVisible = 0;
			defaultConfigurationName = Release;
		};
		8C435B91283296D500BC846C /* Build configuration list for PBXNativeTarget "Class22-ios-8" */ = {
			isa = XCConfigurationList;
			buildConfigurations = (
				8C435B92283296D500BC846C /* Debug */,
				8C435B93283296D500BC846C /* Release */,
			);
			defaultConfigurationIsVisible = 0;
			defaultConfigurationName = Release;
		};
/* End XCConfigurationList section */
	};
	rootObject = 8C435B75283296CB00BC846C /* Project object */;
}
